
Microsoft Visual Studio Solution File, Format Version 12.00
# Visual Studio 2013
VisualStudioVersion = 12.0.30110.0
MinimumVisualStudioVersion = 10.0.40219.1
Project("{2150E333-8FDC-42A3-9474-1A3956D46DE8}") = "Client", "Client", "{75F188F9-3058-45C7-9438-5ECF02DDB0A2}"
EndProject
Project("{2150E333-8FDC-42A3-9474-1A3956D46DE8}") = "Server", "Server", "{C2A80173-21C1-45DF-9738-72B6BADA454F}"
EndProject
Project("{2150E333-8FDC-42A3-9474-1A3956D46DE8}") = "Shared", "Shared", "{4E79071E-1AB2-4052-B862-2D129D68C719}"
EndProject
Project("{FAE04EC0-301F-11D3-BF4B-00C04F79EFBC}") = "Xemio.SmartNotes.Server.Abstractions", "Server\Xemio.SmartNotes.Server.Abstractions\Xemio.SmartNotes.Server.Abstractions.csproj", "{8E67ABDF-9144-48A5-8412-0735C51AC247}"
EndProject
Project("{FAE04EC0-301F-11D3-BF4B-00C04F79EFBC}") = "Xemio.SmartNotes.Server.Infrastructure", "Server\Xemio.SmartNotes.Server.Infrastructure\Xemio.SmartNotes.Server.Infrastructure.csproj", "{93A178C5-4F55-4E32-B9FA-083BE16F668A}"
EndProject
Project("{2150E333-8FDC-42A3-9474-1A3956D46DE8}") = "Applications", "Applications", "{F30B1D65-681B-481F-A462-6047C9A98D82}"
EndProject
Project("{2150E333-8FDC-42A3-9474-1A3956D46DE8}") = "Applications", "Applications", "{FE830DA7-2F15-49D9-B249-B288EF4BDE73}"
EndProject
Project("{FAE04EC0-301F-11D3-BF4B-00C04F79EFBC}") = "Xemio.SmartNotes.Client.Windows", "Client\Applications\Xemio.SmartNotes.Client.Windows\Xemio.SmartNotes.Client.Windows.csproj", "{641E0A05-44E2-42BA-9F90-BDDAB7C56824}"
EndProject
Project("{FAE04EC0-301F-11D3-BF4B-00C04F79EFBC}") = "Xemio.SmartNotes.Client.Shared", "Client\Xemio.SmartNotes.Client.Shared\Xemio.SmartNotes.Client.Shared.csproj", "{82877666-2147-48A5-86B8-C0440AEDE5E1}"
EndProject
Project("{2150E333-8FDC-42A3-9474-1A3956D46DE8}") = "Tests", "Tests", "{BE518046-B01C-41E2-8418-644F478ABE19}"
EndProject
Project("{FAE04EC0-301F-11D3-BF4B-00C04F79EFBC}") = "Xemio.SmartNotes.Shared", "Shared\Xemio.SmartNotes.Shared\Xemio.SmartNotes.Shared.csproj", "{1DAA9DEF-9D63-44AA-9078-0985E3D0450F}"
EndProject
Project("{FAE04EC0-301F-11D3-BF4B-00C04F79EFBC}") = "Xemio.SmartNotes.Server.Host", "Server\Applications\Xemio.SmartNotes.Server.Host\Xemio.SmartNotes.Server.Host.csproj", "{52AB7FD2-ED6E-4173-8580-D30E6F65FEC7}"
EndProject
Global
	GlobalSection(SolutionConfigurationPlatforms) = preSolution
		Debug|Any CPU = Debug|Any CPU
		Release|Any CPU = Release|Any CPU
	EndGlobalSection
	GlobalSection(ProjectConfigurationPlatforms) = postSolution
		{8E67ABDF-9144-48A5-8412-0735C51AC247}.Debug|Any CPU.ActiveCfg = Debug|Any CPU
		{8E67ABDF-9144-48A5-8412-0735C51AC247}.Debug|Any CPU.Build.0 = Debug|Any CPU
		{8E67ABDF-9144-48A5-8412-0735C51AC247}.Release|Any CPU.ActiveCfg = Release|Any CPU
		{8E67ABDF-9144-48A5-8412-0735C51AC247}.Release|Any CPU.Build.0 = Release|Any CPU
		{93A178C5-4F55-4E32-B9FA-083BE16F668A}.Debug|Any CPU.ActiveCfg = Debug|Any CPU
		{93A178C5-4F55-4E32-B9FA-083BE16F668A}.Debug|Any CPU.Build.0 = Debug|Any CPU
		{93A178C5-4F55-4E32-B9FA-083BE16F668A}.Release|Any CPU.ActiveCfg = Release|Any CPU
		{93A178C5-4F55-4E32-B9FA-083BE16F668A}.Release|Any CPU.Build.0 = Release|Any CPU
		{641E0A05-44E2-42BA-9F90-BDDAB7C56824}.Debug|Any CPU.ActiveCfg = Debug|Any CPU
		{641E0A05-44E2-42BA-9F90-BDDAB7C56824}.Debug|Any CPU.Build.0 = Debug|Any CPU
		{641E0A05-44E2-42BA-9F90-BDDAB7C56824}.Release|Any CPU.ActiveCfg = Release|Any CPU
		{641E0A05-44E2-42BA-9F90-BDDAB7C56824}.Release|Any CPU.Build.0 = Release|Any CPU
		{82877666-2147-48A5-86B8-C0440AEDE5E1}.Debug|Any CPU.ActiveCfg = Debug|Any CPU
		{82877666-2147-48A5-86B8-C0440AEDE5E1}.Debug|Any CPU.Build.0 = Debug|Any CPU
		{82877666-2147-48A5-86B8-C0440AEDE5E1}.Release|Any CPU.ActiveCfg = Release|Any CPU
		{82877666-2147-48A5-86B8-C0440AEDE5E1}.Release|Any CPU.Build.0 = Release|Any CPU
		{1DAA9DEF-9D63-44AA-9078-0985E3D0450F}.Debug|Any CPU.ActiveCfg = Debug|Any CPU
		{1DAA9DEF-9D63-44AA-9078-0985E3D0450F}.Debug|Any CPU.Build.0 = Debug|Any CPU
		{1DAA9DEF-9D63-44AA-9078-0985E3D0450F}.Release|Any CPU.ActiveCfg = Release|Any CPU
		{1DAA9DEF-9D63-44AA-9078-0985E3D0450F}.Release|Any CPU.Build.0 = Release|Any CPU
		{52AB7FD2-ED6E-4173-8580-D30E6F65FEC7}.Debug|Any CPU.ActiveCfg = Debug|Any CPU
		{52AB7FD2-ED6E-4173-8580-D30E6F65FEC7}.Debug|Any CPU.Build.0 = Debug|Any CPU
		{52AB7FD2-ED6E-4173-8580-D30E6F65FEC7}.Release|Any CPU.ActiveCfg = Release|Any CPU
		{52AB7FD2-ED6E-4173-8580-D30E6F65FEC7}.Release|Any CPU.Build.0 = Release|Any CPU
	EndGlobalSection
	GlobalSection(SolutionProperties) = preSolution
		HideSolutionNode = FALSE
	EndGlobalSection
	GlobalSection(NestedProjects) = preSolution
		{FE830DA7-2F15-49D9-B249-B288EF4BDE73} = {75F188F9-3058-45C7-9438-5ECF02DDB0A2}
		{82877666-2147-48A5-86B8-C0440AEDE5E1} = {75F188F9-3058-45C7-9438-5ECF02DDB0A2}
		{8E67ABDF-9144-48A5-8412-0735C51AC247} = {C2A80173-21C1-45DF-9738-72B6BADA454F}
		{93A178C5-4F55-4E32-B9FA-083BE16F668A} = {C2A80173-21C1-45DF-9738-72B6BADA454F}
		{F30B1D65-681B-481F-A462-6047C9A98D82} = {C2A80173-21C1-45DF-9738-72B6BADA454F}
		{1DAA9DEF-9D63-44AA-9078-0985E3D0450F} = {4E79071E-1AB2-4052-B862-2D129D68C719}
		{52AB7FD2-ED6E-4173-8580-D30E6F65FEC7} = {F30B1D65-681B-481F-A462-6047C9A98D82}
		{641E0A05-44E2-42BA-9F90-BDDAB7C56824} = {FE830DA7-2F15-49D9-B249-B288EF4BDE73}
	EndGlobalSection
EndGlobal
